// !$*UTF8*$!
{
	archiveVersion = 1;
	classes = {
	};
	objectVersion = 56;
	objects = {

/* Begin PBXBuildFile section */
		01FE5204A1C203CA42A98B55 /* Pods_ConceptsTests.framework in Frameworks */ = {isa = PBXBuildFile; fileRef = 0D4F2EC6B08200A0630A8DA3 /* Pods_ConceptsTests.framework */; };
		B18F1F9B6F762D7875EE0BC7 /* Pods_Concepts_ConceptsUITests.framework in Frameworks */ = {isa = PBXBuildFile; fileRef = 76F0F3ADA3286B5F5B96F4B1 /* Pods_Concepts_ConceptsUITests.framework */; };
		C94F3E0A2CB28BC400EA7076 /* Todo.swift in Sources */ = {isa = PBXBuildFile; fileRef = C94F3E092CB28BC400EA7076 /* Todo.swift */; };
		C94F3E0C2CB28CBF00EA7076 /* ApiViewController.swift in Sources */ = {isa = PBXBuildFile; fileRef = C94F3E0B2CB28CBF00EA7076 /* ApiViewController.swift */; };
		C97440E22CB2B36A0044A5EB /* ApiViewController.storyboard in Resources */ = {isa = PBXBuildFile; fileRef = C97440E12CB2B36A0044A5EB /* ApiViewController.storyboard */; };
		C97440E52CB2C2590044A5EB /* NewsViewController.swift in Sources */ = {isa = PBXBuildFile; fileRef = C97440E42CB2C2590044A5EB /* NewsViewController.swift */; };
		C97440E72CB2C2740044A5EB /* NewsWebSocketClient.swift in Sources */ = {isa = PBXBuildFile; fileRef = C97440E62CB2C2740044A5EB /* NewsWebSocketClient.swift */; };
		C97440EA2CB2D4C90044A5EB /* SearchViewController.swift in Sources */ = {isa = PBXBuildFile; fileRef = C97440E92CB2D4C90044A5EB /* SearchViewController.swift */; };
		C97440ED2CB2E2E30044A5EB /* CacheViewController.swift in Sources */ = {isa = PBXBuildFile; fileRef = C97440EC2CB2E2E30044A5EB /* CacheViewController.swift */; };
		C9F9E6DA2CB0FD1F00930A6E /* AppDelegate.swift in Sources */ = {isa = PBXBuildFile; fileRef = C9F9E6D92CB0FD1F00930A6E /* AppDelegate.swift */; };
		C9F9E6DC2CB0FD1F00930A6E /* SceneDelegate.swift in Sources */ = {isa = PBXBuildFile; fileRef = C9F9E6DB2CB0FD1F00930A6E /* SceneDelegate.swift */; };
		C9F9E6DE2CB0FD1F00930A6E /* ViewController.swift in Sources */ = {isa = PBXBuildFile; fileRef = C9F9E6DD2CB0FD1F00930A6E /* ViewController.swift */; };
		C9F9E6E12CB0FD1F00930A6E /* Base in Resources */ = {isa = PBXBuildFile; fileRef = C9F9E6E02CB0FD1F00930A6E /* Base */; };
		C9F9E6E32CB0FD2000930A6E /* Assets.xcassets in Resources */ = {isa = PBXBuildFile; fileRef = C9F9E6E22CB0FD2000930A6E /* Assets.xcassets */; };
		C9F9E6E62CB0FD2000930A6E /* Base in Resources */ = {isa = PBXBuildFile; fileRef = C9F9E6E52CB0FD2000930A6E /* Base */; };
		C9F9E6F12CB0FD2100930A6E /* ConceptsTests.swift in Sources */ = {isa = PBXBuildFile; fileRef = C9F9E6F02CB0FD2100930A6E /* ConceptsTests.swift */; };
		C9F9E6FB2CB0FD2100930A6E /* ConceptsUITests.swift in Sources */ = {isa = PBXBuildFile; fileRef = C9F9E6FA2CB0FD2100930A6E /* ConceptsUITests.swift */; };
		C9F9E6FD2CB0FD2100930A6E /* ConceptsUITestsLaunchTests.swift in Sources */ = {isa = PBXBuildFile; fileRef = C9F9E6FC2CB0FD2100930A6E /* ConceptsUITestsLaunchTests.swift */; };
		C9F9E70A2CB2422800930A6E /* TabBarViewController.swift in Sources */ = {isa = PBXBuildFile; fileRef = C9F9E7092CB2422700930A6E /* TabBarViewController.swift */; };
		C9F9E70D2CB2566D00930A6E /* HomeViewController.swift in Sources */ = {isa = PBXBuildFile; fileRef = C9F9E70C2CB2566D00930A6E /* HomeViewController.swift */; };
		C9F9E70F2CB2567D00930A6E /* SettingsViewController.swift in Sources */ = {isa = PBXBuildFile; fileRef = C9F9E70E2CB2567D00930A6E /* SettingsViewController.swift */; };
		C9F9E7112CB2568C00930A6E /* ProfileViewController.swift in Sources */ = {isa = PBXBuildFile; fileRef = C9F9E7102CB2568C00930A6E /* ProfileViewController.swift */; };
		CC65D1E22C56196775696025 /* Pods_Concepts.framework in Frameworks */ = {isa = PBXBuildFile; fileRef = 2F43E5281B4DA1C8398A572B /* Pods_Concepts.framework */; };
/* End PBXBuildFile section */

/* Begin PBXContainerItemProxy section */
		C9F9E6ED2CB0FD2100930A6E /* PBXContainerItemProxy */ = {
			isa = PBXContainerItemProxy;
			containerPortal = C9F9E6CE2CB0FD1F00930A6E /* Project object */;
			proxyType = 1;
			remoteGlobalIDString = C9F9E6D52CB0FD1F00930A6E;
			remoteInfo = Concepts;
		};
		C9F9E6F72CB0FD2100930A6E /* PBXContainerItemProxy */ = {
			isa = PBXContainerItemProxy;
			containerPortal = C9F9E6CE2CB0FD1F00930A6E /* Project object */;
			proxyType = 1;
			remoteGlobalIDString = C9F9E6D52CB0FD1F00930A6E;
			remoteInfo = Concepts;
		};
/* End PBXContainerItemProxy section */

/* Begin PBXFileReference section */
		0D4F2EC6B08200A0630A8DA3 /* Pods_ConceptsTests.framework */ = {isa = PBXFileReference; explicitFileType = wrapper.framework; includeInIndex = 0; path = Pods_ConceptsTests.framework; sourceTree = BUILT_PRODUCTS_DIR; };
		0F1DD50DF6D1131C586CA544 /* Pods-Concepts-ConceptsUITests.release.xcconfig */ = {isa = PBXFileReference; includeInIndex = 1; lastKnownFileType = text.xcconfig; name = "Pods-Concepts-ConceptsUITests.release.xcconfig"; path = "Target Support Files/Pods-Concepts-ConceptsUITests/Pods-Concepts-ConceptsUITests.release.xcconfig"; sourceTree = "<group>"; };
		2F43E5281B4DA1C8398A572B /* Pods_Concepts.framework */ = {isa = PBXFileReference; explicitFileType = wrapper.framework; includeInIndex = 0; path = Pods_Concepts.framework; sourceTree = BUILT_PRODUCTS_DIR; };
		47CA726FB6B4C78CD1806450 /* Pods-Concepts.debug.xcconfig */ = {isa = PBXFileReference; includeInIndex = 1; lastKnownFileType = text.xcconfig; name = "Pods-Concepts.debug.xcconfig"; path = "Target Support Files/Pods-Concepts/Pods-Concepts.debug.xcconfig"; sourceTree = "<group>"; };
		4A9E82DEAAD13873F4767914 /* Pods-ConceptsTests.release.xcconfig */ = {isa = PBXFileReference; includeInIndex = 1; lastKnownFileType = text.xcconfig; name = "Pods-ConceptsTests.release.xcconfig"; path = "Target Support Files/Pods-ConceptsTests/Pods-ConceptsTests.release.xcconfig"; sourceTree = "<group>"; };
		67936A4F2235A3BCD541803E /* Pods-Concepts.release.xcconfig */ = {isa = PBXFileReference; includeInIndex = 1; lastKnownFileType = text.xcconfig; name = "Pods-Concepts.release.xcconfig"; path = "Target Support Files/Pods-Concepts/Pods-Concepts.release.xcconfig"; sourceTree = "<group>"; };
		76F0F3ADA3286B5F5B96F4B1 /* Pods_Concepts_ConceptsUITests.framework */ = {isa = PBXFileReference; explicitFileType = wrapper.framework; includeInIndex = 0; path = Pods_Concepts_ConceptsUITests.framework; sourceTree = BUILT_PRODUCTS_DIR; };
		C94F3E092CB28BC400EA7076 /* Todo.swift */ = {isa = PBXFileReference; lastKnownFileType = sourcecode.swift; path = Todo.swift; sourceTree = "<group>"; };
		C94F3E0B2CB28CBF00EA7076 /* ApiViewController.swift */ = {isa = PBXFileReference; lastKnownFileType = sourcecode.swift; path = ApiViewController.swift; sourceTree = "<group>"; };
		C97440E12CB2B36A0044A5EB /* ApiViewController.storyboard */ = {isa = PBXFileReference; lastKnownFileType = file.storyboard; path = ApiViewController.storyboard; sourceTree = "<group>"; };
		C97440E42CB2C2590044A5EB /* NewsViewController.swift */ = {isa = PBXFileReference; lastKnownFileType = sourcecode.swift; path = NewsViewController.swift; sourceTree = "<group>"; };
		C97440E62CB2C2740044A5EB /* NewsWebSocketClient.swift */ = {isa = PBXFileReference; lastKnownFileType = sourcecode.swift; path = NewsWebSocketClient.swift; sourceTree = "<group>"; };
		C97440E92CB2D4C90044A5EB /* SearchViewController.swift */ = {isa = PBXFileReference; lastKnownFileType = sourcecode.swift; path = SearchViewController.swift; sourceTree = "<group>"; };
		C97440EC2CB2E2E30044A5EB /* CacheViewController.swift */ = {isa = PBXFileReference; lastKnownFileType = sourcecode.swift; path = CacheViewController.swift; sourceTree = "<group>"; };
		C9F9E6D62CB0FD1F00930A6E /* Concepts.app */ = {isa = PBXFileReference; explicitFileType = wrapper.application; includeInIndex = 0; path = Concepts.app; sourceTree = BUILT_PRODUCTS_DIR; };
		C9F9E6D92CB0FD1F00930A6E /* AppDelegate.swift */ = {isa = PBXFileReference; lastKnownFileType = sourcecode.swift; path = AppDelegate.swift; sourceTree = "<group>"; };
		C9F9E6DB2CB0FD1F00930A6E /* SceneDelegate.swift */ = {isa = PBXFileReference; lastKnownFileType = sourcecode.swift; path = SceneDelegate.swift; sourceTree = "<group>"; };
		C9F9E6DD2CB0FD1F00930A6E /* ViewController.swift */ = {isa = PBXFileReference; lastKnownFileType = sourcecode.swift; path = ViewController.swift; sourceTree = "<group>"; };
		C9F9E6E02CB0FD1F00930A6E /* Base */ = {isa = PBXFileReference; lastKnownFileType = file.storyboard; name = Base; path = Base.lproj/Main.storyboard; sourceTree = "<group>"; };
		C9F9E6E22CB0FD2000930A6E /* Assets.xcassets */ = {isa = PBXFileReference; lastKnownFileType = folder.assetcatalog; path = Assets.xcassets; sourceTree = "<group>"; };
		C9F9E6E52CB0FD2000930A6E /* Base */ = {isa = PBXFileReference; lastKnownFileType = file.storyboard; name = Base; path = Base.lproj/LaunchScreen.storyboard; sourceTree = "<group>"; };
		C9F9E6E72CB0FD2000930A6E /* Info.plist */ = {isa = PBXFileReference; lastKnownFileType = text.plist.xml; path = Info.plist; sourceTree = "<group>"; };
		C9F9E6EC2CB0FD2100930A6E /* ConceptsTests.xctest */ = {isa = PBXFileReference; explicitFileType = wrapper.cfbundle; includeInIndex = 0; path = ConceptsTests.xctest; sourceTree = BUILT_PRODUCTS_DIR; };
		C9F9E6F02CB0FD2100930A6E /* ConceptsTests.swift */ = {isa = PBXFileReference; lastKnownFileType = sourcecode.swift; path = ConceptsTests.swift; sourceTree = "<group>"; };
		C9F9E6F62CB0FD2100930A6E /* ConceptsUITests.xctest */ = {isa = PBXFileReference; explicitFileType = wrapper.cfbundle; includeInIndex = 0; path = ConceptsUITests.xctest; sourceTree = BUILT_PRODUCTS_DIR; };
		C9F9E6FA2CB0FD2100930A6E /* ConceptsUITests.swift */ = {isa = PBXFileReference; lastKnownFileType = sourcecode.swift; path = ConceptsUITests.swift; sourceTree = "<group>"; };
		C9F9E6FC2CB0FD2100930A6E /* ConceptsUITestsLaunchTests.swift */ = {isa = PBXFileReference; lastKnownFileType = sourcecode.swift; path = ConceptsUITestsLaunchTests.swift; sourceTree = "<group>"; };
		C9F9E7092CB2422700930A6E /* TabBarViewController.swift */ = {isa = PBXFileReference; lastKnownFileType = sourcecode.swift; path = TabBarViewController.swift; sourceTree = "<group>"; };
		C9F9E70C2CB2566D00930A6E /* HomeViewController.swift */ = {isa = PBXFileReference; lastKnownFileType = sourcecode.swift; path = HomeViewController.swift; sourceTree = "<group>"; };
		C9F9E70E2CB2567D00930A6E /* SettingsViewController.swift */ = {isa = PBXFileReference; lastKnownFileType = sourcecode.swift; path = SettingsViewController.swift; sourceTree = "<group>"; };
		C9F9E7102CB2568C00930A6E /* ProfileViewController.swift */ = {isa = PBXFileReference; lastKnownFileType = sourcecode.swift; path = ProfileViewController.swift; sourceTree = "<group>"; };
		CD23D7E3AD8F986B232DE0C9 /* Pods-Concepts-ConceptsUITests.debug.xcconfig */ = {isa = PBXFileReference; includeInIndex = 1; lastKnownFileType = text.xcconfig; name = "Pods-Concepts-ConceptsUITests.debug.xcconfig"; path = "Target Support Files/Pods-Concepts-ConceptsUITests/Pods-Concepts-ConceptsUITests.debug.xcconfig"; sourceTree = "<group>"; };
		DA190C4B6434C4F9BB77161A /* Pods-ConceptsTests.debug.xcconfig */ = {isa = PBXFileReference; includeInIndex = 1; lastKnownFileType = text.xcconfig; name = "Pods-ConceptsTests.debug.xcconfig"; path = "Target Support Files/Pods-ConceptsTests/Pods-ConceptsTests.debug.xcconfig"; sourceTree = "<group>"; };
/* End PBXFileReference section */

/* Begin PBXFrameworksBuildPhase section */
		C9F9E6D32CB0FD1F00930A6E /* Frameworks */ = {
			isa = PBXFrameworksBuildPhase;
			buildActionMask = 2147483647;
			files = (
				CC65D1E22C56196775696025 /* Pods_Concepts.framework in Frameworks */,
			);
			runOnlyForDeploymentPostprocessing = 0;
		};
		C9F9E6E92CB0FD2100930A6E /* Frameworks */ = {
			isa = PBXFrameworksBuildPhase;
			buildActionMask = 2147483647;
			files = (
				01FE5204A1C203CA42A98B55 /* Pods_ConceptsTests.framework in Frameworks */,
			);
			runOnlyForDeploymentPostprocessing = 0;
		};
		C9F9E6F32CB0FD2100930A6E /* Frameworks */ = {
			isa = PBXFrameworksBuildPhase;
			buildActionMask = 2147483647;
			files = (
				B18F1F9B6F762D7875EE0BC7 /* Pods_Concepts_ConceptsUITests.framework in Frameworks */,
			);
			runOnlyForDeploymentPostprocessing = 0;
		};
/* End PBXFrameworksBuildPhase section */

/* Begin PBXGroup section */
		69579BDDA6AC1D8AA3DA2861 /* Pods */ = {
			isa = PBXGroup;
			children = (
				47CA726FB6B4C78CD1806450 /* Pods-Concepts.debug.xcconfig */,
				67936A4F2235A3BCD541803E /* Pods-Concepts.release.xcconfig */,
				CD23D7E3AD8F986B232DE0C9 /* Pods-Concepts-ConceptsUITests.debug.xcconfig */,
				0F1DD50DF6D1131C586CA544 /* Pods-Concepts-ConceptsUITests.release.xcconfig */,
				DA190C4B6434C4F9BB77161A /* Pods-ConceptsTests.debug.xcconfig */,
				4A9E82DEAAD13873F4767914 /* Pods-ConceptsTests.release.xcconfig */,
			);
			path = Pods;
			sourceTree = "<group>";
		};
		7CF64C7E1AC66801256E8D0E /* Frameworks */ = {
			isa = PBXGroup;
			children = (
				2F43E5281B4DA1C8398A572B /* Pods_Concepts.framework */,
				76F0F3ADA3286B5F5B96F4B1 /* Pods_Concepts_ConceptsUITests.framework */,
				0D4F2EC6B08200A0630A8DA3 /* Pods_ConceptsTests.framework */,
			);
			name = Frameworks;
			sourceTree = "<group>";
		};
		C94F3E082CB28BAE00EA7076 /* ApiData */ = {
			isa = PBXGroup;
			children = (
				C94F3E092CB28BC400EA7076 /* Todo.swift */,
				C94F3E0B2CB28CBF00EA7076 /* ApiViewController.swift */,
				C97440E12CB2B36A0044A5EB /* ApiViewController.storyboard */,
			);
			path = ApiData;
			sourceTree = "<group>";
		};
		C97440E32CB2C2250044A5EB /* Socket */ = {
			isa = PBXGroup;
			children = (
				C97440E42CB2C2590044A5EB /* NewsViewController.swift */,
				C97440E62CB2C2740044A5EB /* NewsWebSocketClient.swift */,
			);
			path = Socket;
			sourceTree = "<group>";
		};
		C97440E82CB2D4B10044A5EB /* SearchConcepts */ = {
			isa = PBXGroup;
			children = (
				C97440E92CB2D4C90044A5EB /* SearchViewController.swift */,
			);
			path = SearchConcepts;
			sourceTree = "<group>";
		};
		C97440EB2CB2E2CE0044A5EB /* CachingExample */ = {
			isa = PBXGroup;
			children = (
				C97440EC2CB2E2E30044A5EB /* CacheViewController.swift */,
			);
			path = CachingExample;
			sourceTree = "<group>";
		};
		C9F9E6CD2CB0FD1F00930A6E = {
			isa = PBXGroup;
			children = (
				C9F9E6D82CB0FD1F00930A6E /* Concepts */,
				C9F9E6EF2CB0FD2100930A6E /* ConceptsTests */,
				C9F9E6F92CB0FD2100930A6E /* ConceptsUITests */,
				C9F9E6D72CB0FD1F00930A6E /* Products */,
				69579BDDA6AC1D8AA3DA2861 /* Pods */,
				7CF64C7E1AC66801256E8D0E /* Frameworks */,
			);
			sourceTree = "<group>";
		};
		C9F9E6D72CB0FD1F00930A6E /* Products */ = {
			isa = PBXGroup;
			children = (
				C9F9E6D62CB0FD1F00930A6E /* Concepts.app */,
				C9F9E6EC2CB0FD2100930A6E /* ConceptsTests.xctest */,
				C9F9E6F62CB0FD2100930A6E /* ConceptsUITests.xctest */,
			);
			name = Products;
			sourceTree = "<group>";
		};
		C9F9E6D82CB0FD1F00930A6E /* Concepts */ = {
			isa = PBXGroup;
			children = (
				C97440EB2CB2E2CE0044A5EB /* CachingExample */,
				C97440E82CB2D4B10044A5EB /* SearchConcepts */,
				C97440E32CB2C2250044A5EB /* Socket */,
				C94F3E082CB28BAE00EA7076 /* ApiData */,
				C9F9E70B2CB2565000930A6E /* TabBarViewControllers */,
				C9F9E6D92CB0FD1F00930A6E /* AppDelegate.swift */,
				C9F9E6DB2CB0FD1F00930A6E /* SceneDelegate.swift */,
				C9F9E6DD2CB0FD1F00930A6E /* ViewController.swift */,
				C9F9E6DF2CB0FD1F00930A6E /* Main.storyboard */,
				C9F9E6E22CB0FD2000930A6E /* Assets.xcassets */,
				C9F9E6E42CB0FD2000930A6E /* LaunchScreen.storyboard */,
				C9F9E6E72CB0FD2000930A6E /* Info.plist */,
				C9F9E7092CB2422700930A6E /* TabBarViewController.swift */,
			);
			path = Concepts;
			sourceTree = "<group>";
		};
		C9F9E6EF2CB0FD2100930A6E /* ConceptsTests */ = {
			isa = PBXGroup;
			children = (
				C9F9E6F02CB0FD2100930A6E /* ConceptsTests.swift */,
			);
			path = ConceptsTests;
			sourceTree = "<group>";
		};
		C9F9E6F92CB0FD2100930A6E /* ConceptsUITests */ = {
			isa = PBXGroup;
			children = (
				C9F9E6FA2CB0FD2100930A6E /* ConceptsUITests.swift */,
				C9F9E6FC2CB0FD2100930A6E /* ConceptsUITestsLaunchTests.swift */,
			);
			path = ConceptsUITests;
			sourceTree = "<group>";
		};
		C9F9E70B2CB2565000930A6E /* TabBarViewControllers */ = {
			isa = PBXGroup;
			children = (
				C9F9E70C2CB2566D00930A6E /* HomeViewController.swift */,
				C9F9E70E2CB2567D00930A6E /* SettingsViewController.swift */,
				C9F9E7102CB2568C00930A6E /* ProfileViewController.swift */,
			);
			path = TabBarViewControllers;
			sourceTree = "<group>";
		};
/* End PBXGroup section */

/* Begin PBXNativeTarget section */
		C9F9E6D52CB0FD1F00930A6E /* Concepts */ = {
			isa = PBXNativeTarget;
			buildConfigurationList = C9F9E7002CB0FD2100930A6E /* Build configuration list for PBXNativeTarget "Concepts" */;
			buildPhases = (
				3E71357A122F877EEC16F83C /* [CP] Check Pods Manifest.lock */,
				C9F9E6D22CB0FD1F00930A6E /* Sources */,
				C9F9E6D32CB0FD1F00930A6E /* Frameworks */,
				C9F9E6D42CB0FD1F00930A6E /* Resources */,
				BDF6A262A942A44A95C5A37D /* [CP] Embed Pods Frameworks */,
			);
			buildRules = (
			);
			dependencies = (
			);
			name = Concepts;
			productName = Concepts;
			productReference = C9F9E6D62CB0FD1F00930A6E /* Concepts.app */;
			productType = "com.apple.product-type.application";
		};
		C9F9E6EB2CB0FD2100930A6E /* ConceptsTests */ = {
			isa = PBXNativeTarget;
			buildConfigurationList = C9F9E7032CB0FD2100930A6E /* Build configuration list for PBXNativeTarget "ConceptsTests" */;
			buildPhases = (
				4AD9AC4ED283C916EB65827D /* [CP] Check Pods Manifest.lock */,
				C9F9E6E82CB0FD2100930A6E /* Sources */,
				C9F9E6E92CB0FD2100930A6E /* Frameworks */,
				C9F9E6EA2CB0FD2100930A6E /* Resources */,
			);
			buildRules = (
			);
			dependencies = (
				C9F9E6EE2CB0FD2100930A6E /* PBXTargetDependency */,
			);
			name = ConceptsTests;
			productName = ConceptsTests;
			productReference = C9F9E6EC2CB0FD2100930A6E /* ConceptsTests.xctest */;
			productType = "com.apple.product-type.bundle.unit-test";
		};
		C9F9E6F52CB0FD2100930A6E /* ConceptsUITests */ = {
			isa = PBXNativeTarget;
			buildConfigurationList = C9F9E7062CB0FD2100930A6E /* Build configuration list for PBXNativeTarget "ConceptsUITests" */;
			buildPhases = (
				501C07ED3C1AC673AD54B153 /* [CP] Check Pods Manifest.lock */,
				C9F9E6F22CB0FD2100930A6E /* Sources */,
				C9F9E6F32CB0FD2100930A6E /* Frameworks */,
				C9F9E6F42CB0FD2100930A6E /* Resources */,
				3A3722D20599AB0AA66AA6DE /* [CP] Embed Pods Frameworks */,
			);
			buildRules = (
			);
			dependencies = (
				C9F9E6F82CB0FD2100930A6E /* PBXTargetDependency */,
			);
			name = ConceptsUITests;
			productName = ConceptsUITests;
			productReference = C9F9E6F62CB0FD2100930A6E /* ConceptsUITests.xctest */;
			productType = "com.apple.product-type.bundle.ui-testing";
		};
/* End PBXNativeTarget section */

/* Begin PBXProject section */
		C9F9E6CE2CB0FD1F00930A6E /* Project object */ = {
			isa = PBXProject;
			attributes = {
				BuildIndependentTargetsInParallel = 1;
				LastSwiftUpdateCheck = 1540;
				LastUpgradeCheck = 1540;
				TargetAttributes = {
					C9F9E6D52CB0FD1F00930A6E = {
						CreatedOnToolsVersion = 15.4;
					};
					C9F9E6EB2CB0FD2100930A6E = {
						CreatedOnToolsVersion = 15.4;
						TestTargetID = C9F9E6D52CB0FD1F00930A6E;
					};
					C9F9E6F52CB0FD2100930A6E = {
						CreatedOnToolsVersion = 15.4;
						TestTargetID = C9F9E6D52CB0FD1F00930A6E;
					};
				};
			};
			buildConfigurationList = C9F9E6D12CB0FD1F00930A6E /* Build configuration list for PBXProject "Concepts" */;
			compatibilityVersion = "Xcode 14.0";
			developmentRegion = en;
			hasScannedForEncodings = 0;
			knownRegions = (
				en,
				Base,
			);
			mainGroup = C9F9E6CD2CB0FD1F00930A6E;
			productRefGroup = C9F9E6D72CB0FD1F00930A6E /* Products */;
			projectDirPath = "";
			projectRoot = "";
			targets = (
				C9F9E6D52CB0FD1F00930A6E /* Concepts */,
				C9F9E6EB2CB0FD2100930A6E /* ConceptsTests */,
				C9F9E6F52CB0FD2100930A6E /* ConceptsUITests */,
			);
		};
/* End PBXProject section */

/* Begin PBXResourcesBuildPhase section */
		C9F9E6D42CB0FD1F00930A6E /* Resources */ = {
			isa = PBXResourcesBuildPhase;
			buildActionMask = 2147483647;
			files = (
				C97440E22CB2B36A0044A5EB /* ApiViewController.storyboard in Resources */,
				C9F9E6E32CB0FD2000930A6E /* Assets.xcassets in Resources */,
				C9F9E6E62CB0FD2000930A6E /* Base in Resources */,
				C9F9E6E12CB0FD1F00930A6E /* Base in Resources */,
			);
			runOnlyForDeploymentPostprocessing = 0;
		};
		C9F9E6EA2CB0FD2100930A6E /* Resources */ = {
			isa = PBXResourcesBuildPhase;
			buildActionMask = 2147483647;
			files = (
			);
			runOnlyForDeploymentPostprocessing = 0;
		};
		C9F9E6F42CB0FD2100930A6E /* Resources */ = {
			isa = PBXResourcesBuildPhase;
			buildActionMask = 2147483647;
			files = (
			);
			runOnlyForDeploymentPostprocessing = 0;
		};
/* End PBXResourcesBuildPhase section */

/* Begin PBXShellScriptBuildPhase section */
		3A3722D20599AB0AA66AA6DE /* [CP] Embed Pods Frameworks */ = {
			isa = PBXShellScriptBuildPhase;
			buildActionMask = 2147483647;
			files = (
			);
			inputFileListPaths = (
				"${PODS_ROOT}/Target Support Files/Pods-Concepts-ConceptsUITests/Pods-Concepts-ConceptsUITests-frameworks-${CONFIGURATION}-input-files.xcfilelist",
			);
			name = "[CP] Embed Pods Frameworks";
			outputFileListPaths = (
				"${PODS_ROOT}/Target Support Files/Pods-Concepts-ConceptsUITests/Pods-Concepts-ConceptsUITests-frameworks-${CONFIGURATION}-output-files.xcfilelist",
			);
			runOnlyForDeploymentPostprocessing = 0;
			shellPath = /bin/sh;
			shellScript = "\"${PODS_ROOT}/Target Support Files/Pods-Concepts-ConceptsUITests/Pods-Concepts-ConceptsUITests-frameworks.sh\"\n";
			showEnvVarsInLog = 0;
		};
		3E71357A122F877EEC16F83C /* [CP] Check Pods Manifest.lock */ = {
			isa = PBXShellScriptBuildPhase;
			buildActionMask = 2147483647;
			files = (
			);
			inputFileListPaths = (
			);
			inputPaths = (
				"${PODS_PODFILE_DIR_PATH}/Podfile.lock",
				"${PODS_ROOT}/Manifest.lock",
			);
			name = "[CP] Check Pods Manifest.lock";
			outputFileListPaths = (
			);
			outputPaths = (
				"$(DERIVED_FILE_DIR)/Pods-Concepts-checkManifestLockResult.txt",
			);
			runOnlyForDeploymentPostprocessing = 0;
			shellPath = /bin/sh;
			shellScript = "diff \"${PODS_PODFILE_DIR_PATH}/Podfile.lock\" \"${PODS_ROOT}/Manifest.lock\" > /dev/null\nif [ $? != 0 ] ; then\n    # print error to STDERR\n    echo \"error: The sandbox is not in sync with the Podfile.lock. Run 'pod install' or update your CocoaPods installation.\" >&2\n    exit 1\nfi\n# This output is used by Xcode 'outputs' to avoid re-running this script phase.\necho \"SUCCESS\" > \"${SCRIPT_OUTPUT_FILE_0}\"\n";
			showEnvVarsInLog = 0;
		};
		4AD9AC4ED283C916EB65827D /* [CP] Check Pods Manifest.lock */ = {
			isa = PBXShellScriptBuildPhase;
			buildActionMask = 2147483647;
			files = (
			);
			inputFileListPaths = (
			);
			inputPaths = (
				"${PODS_PODFILE_DIR_PATH}/Podfile.lock",
				"${PODS_ROOT}/Manifest.lock",
			);
			name = "[CP] Check Pods Manifest.lock";
			outputFileListPaths = (
			);
			outputPaths = (
				"$(DERIVED_FILE_DIR)/Pods-ConceptsTests-checkManifestLockResult.txt",
			);
			runOnlyForDeploymentPostprocessing = 0;
			shellPath = /bin/sh;
			shellScript = "diff \"${PODS_PODFILE_DIR_PATH}/Podfile.lock\" \"${PODS_ROOT}/Manifest.lock\" > /dev/null\nif [ $? != 0 ] ; then\n    # print error to STDERR\n    echo \"error: The sandbox is not in sync with the Podfile.lock. Run 'pod install' or update your CocoaPods installation.\" >&2\n    exit 1\nfi\n# This output is used by Xcode 'outputs' to avoid re-running this script phase.\necho \"SUCCESS\" > \"${SCRIPT_OUTPUT_FILE_0}\"\n";
			showEnvVarsInLog = 0;
		};
		501C07ED3C1AC673AD54B153 /* [CP] Check Pods Manifest.lock */ = {
			isa = PBXShellScriptBuildPhase;
			buildActionMask = 2147483647;
			files = (
			);
			inputFileListPaths = (
			);
			inputPaths = (
				"${PODS_PODFILE_DIR_PATH}/Podfile.lock",
				"${PODS_ROOT}/Manifest.lock",
			);
			name = "[CP] Check Pods Manifest.lock";
			outputFileListPaths = (
			);
			outputPaths = (
				"$(DERIVED_FILE_DIR)/Pods-Concepts-ConceptsUITests-checkManifestLockResult.txt",
			);
			runOnlyForDeploymentPostprocessing = 0;
			shellPath = /bin/sh;
			shellScript = "diff \"${PODS_PODFILE_DIR_PATH}/Podfile.lock\" \"${PODS_ROOT}/Manifest.lock\" > /dev/null\nif [ $? != 0 ] ; then\n    # print error to STDERR\n    echo \"error: The sandbox is not in sync with the Podfile.lock. Run 'pod install' or update your CocoaPods installation.\" >&2\n    exit 1\nfi\n# This output is used by Xcode 'outputs' to avoid re-running this script phase.\necho \"SUCCESS\" > \"${SCRIPT_OUTPUT_FILE_0}\"\n";
			showEnvVarsInLog = 0;
		};
		BDF6A262A942A44A95C5A37D /* [CP] Embed Pods Frameworks */ = {
			isa = PBXShellScriptBuildPhase;
			buildActionMask = 2147483647;
			files = (
			);
			inputFileListPaths = (
				"${PODS_ROOT}/Target Support Files/Pods-Concepts/Pods-Concepts-frameworks-${CONFIGURATION}-input-files.xcfilelist",
			);
			name = "[CP] Embed Pods Frameworks";
			outputFileListPaths = (
				"${PODS_ROOT}/Target Support Files/Pods-Concepts/Pods-Concepts-frameworks-${CONFIGURATION}-output-files.xcfilelist",
			);
			runOnlyForDeploymentPostprocessing = 0;
			shellPath = /bin/sh;
			shellScript = "\"${PODS_ROOT}/Target Support Files/Pods-Concepts/Pods-Concepts-frameworks.sh\"\n";
			showEnvVarsInLog = 0;
		};
/* End PBXShellScriptBuildPhase section */

/* Begin PBXSourcesBuildPhase section */
		C9F9E6D22CB0FD1F00930A6E /* Sources */ = {
			isa = PBXSourcesBuildPhase;
			buildActionMask = 2147483647;
			files = (
				C9F9E70D2CB2566D00930A6E /* HomeViewController.swift in Sources */,
				C9F9E70A2CB2422800930A6E /* TabBarViewController.swift in Sources */,
				C9F9E6DE2CB0FD1F00930A6E /* ViewController.swift in Sources */,
				C97440E52CB2C2590044A5EB /* NewsViewController.swift in Sources */,
				C97440E72CB2C2740044A5EB /* NewsWebSocketClient.swift in Sources */,
				C9F9E6DA2CB0FD1F00930A6E /* AppDelegate.swift in Sources */,
				C97440EA2CB2D4C90044A5EB /* SearchViewController.swift in Sources */,
				C97440ED2CB2E2E30044A5EB /* CacheViewController.swift in Sources */,
				C9F9E7112CB2568C00930A6E /* ProfileViewController.swift in Sources */,
				C9F9E6DC2CB0FD1F00930A6E /* SceneDelegate.swift in Sources */,
				C9F9E70F2CB2567D00930A6E /* SettingsViewController.swift in Sources */,
				C94F3E0C2CB28CBF00EA7076 /* ApiViewController.swift in Sources */,
				C94F3E0A2CB28BC400EA7076 /* Todo.swift in Sources */,
			);
			runOnlyForDeploymentPostprocessing = 0;
		};
		C9F9E6E82CB0FD2100930A6E /* Sources */ = {
			isa = PBXSourcesBuildPhase;
			buildActionMask = 2147483647;
			files = (
				C9F9E6F12CB0FD2100930A6E /* ConceptsTests.swift in Sources */,
			);
			runOnlyForDeploymentPostprocessing = 0;
		};
		C9F9E6F22CB0FD2100930A6E /* Sources */ = {
			isa = PBXSourcesBuildPhase;
			buildActionMask = 2147483647;
			files = (
				C9F9E6FD2CB0FD2100930A6E /* ConceptsUITestsLaunchTests.swift in Sources */,
				C9F9E6FB2CB0FD2100930A6E /* ConceptsUITests.swift in Sources */,
			);
			runOnlyForDeploymentPostprocessing = 0;
		};
/* End PBXSourcesBuildPhase section */

/* Begin PBXTargetDependency section */
		C9F9E6EE2CB0FD2100930A6E /* PBXTargetDependency */ = {
			isa = PBXTargetDependency;
			target = C9F9E6D52CB0FD1F00930A6E /* Concepts */;
			targetProxy = C9F9E6ED2CB0FD2100930A6E /* PBXContainerItemProxy */;
		};
		C9F9E6F82CB0FD2100930A6E /* PBXTargetDependency */ = {
			isa = PBXTargetDependency;
			target = C9F9E6D52CB0FD1F00930A6E /* Concepts */;
			targetProxy = C9F9E6F72CB0FD2100930A6E /* PBXContainerItemProxy */;
		};
/* End PBXTargetDependency section */

/* Begin PBXVariantGroup section */
		C9F9E6DF2CB0FD1F00930A6E /* Main.storyboard */ = {
			isa = PBXVariantGroup;
			children = (
				C9F9E6E02CB0FD1F00930A6E /* Base */,
			);
			name = Main.storyboard;
			sourceTree = "<group>";
		};
		C9F9E6E42CB0FD2000930A6E /* LaunchScreen.storyboard */ = {
			isa = PBXVariantGroup;
			children = (
				C9F9E6E52CB0FD2000930A6E /* Base */,
			);
			name = LaunchScreen.storyboard;
			sourceTree = "<group>";
		};
/* End PBXVariantGroup section */

/* Begin XCBuildConfiguration section */
		C9F9E6FE2CB0FD2100930A6E /* Debug */ = {
			isa = XCBuildConfiguration;
			buildSettings = {
				ALWAYS_SEARCH_USER_PATHS = NO;
				ASSETCATALOG_COMPILER_GENERATE_SWIFT_ASSET_SYMBOL_EXTENSIONS = YES;
				CLANG_ANALYZER_NONNULL = YES;
				CLANG_ANALYZER_NUMBER_OBJECT_CONVERSION = YES_AGGRESSIVE;
				CLANG_CXX_LANGUAGE_STANDARD = "gnu++20";
				CLANG_ENABLE_MODULES = YES;
				CLANG_ENABLE_OBJC_ARC = YES;
				CLANG_ENABLE_OBJC_WEAK = YES;
				CLANG_WARN_BLOCK_CAPTURE_AUTORELEASING = YES;
				CLANG_WARN_BOOL_CONVERSION = YES;
				CLANG_WARN_COMMA = YES;
				CLANG_WARN_CONSTANT_CONVERSION = YES;
				CLANG_WARN_DEPRECATED_OBJC_IMPLEMENTATIONS = YES;
				CLANG_WARN_DIRECT_OBJC_ISA_USAGE = YES_ERROR;
				CLANG_WARN_DOCUMENTATION_COMMENTS = YES;
				CLANG_WARN_EMPTY_BODY = YES;
				CLANG_WARN_ENUM_CONVERSION = YES;
				CLANG_WARN_INFINITE_RECURSION = YES;
				CLANG_WARN_INT_CONVERSION = YES;
				CLANG_WARN_NON_LITERAL_NULL_CONVERSION = YES;
				CLANG_WARN_OBJC_IMPLICIT_RETAIN_SELF = YES;
				CLANG_WARN_OBJC_LITERAL_CONVERSION = YES;
				CLANG_WARN_OBJC_ROOT_CLASS = YES_ERROR;
				CLANG_WARN_QUOTED_INCLUDE_IN_FRAMEWORK_HEADER = YES;
				CLANG_WARN_RANGE_LOOP_ANALYSIS = YES;
				CLANG_WARN_STRICT_PROTOTYPES = YES;
				CLANG_WARN_SUSPICIOUS_MOVE = YES;
				CLANG_WARN_UNGUARDED_AVAILABILITY = YES_AGGRESSIVE;
				CLANG_WARN_UNREACHABLE_CODE = YES;
				CLANG_WARN__DUPLICATE_METHOD_MATCH = YES;
				COPY_PHASE_STRIP = NO;
				DEBUG_INFORMATION_FORMAT = dwarf;
				ENABLE_STRICT_OBJC_MSGSEND = YES;
				ENABLE_TESTABILITY = YES;
				ENABLE_USER_SCRIPT_SANDBOXING = NO;
				GCC_C_LANGUAGE_STANDARD = gnu17;
				GCC_DYNAMIC_NO_PIC = NO;
				GCC_NO_COMMON_BLOCKS = YES;
				GCC_OPTIMIZATION_LEVEL = 0;
				GCC_PREPROCESSOR_DEFINITIONS = (
					"DEBUG=1",
					"$(inherited)",
				);
				GCC_WARN_64_TO_32_BIT_CONVERSION = YES;
				GCC_WARN_ABOUT_RETURN_TYPE = YES_ERROR;
				GCC_WARN_UNDECLARED_SELECTOR = YES;
				GCC_WARN_UNINITIALIZED_AUTOS = YES_AGGRESSIVE;
				GCC_WARN_UNUSED_FUNCTION = YES;
				GCC_WARN_UNUSED_VARIABLE = YES;
				IPHONEOS_DEPLOYMENT_TARGET = 17.5;
				LOCALIZATION_PREFERS_STRING_CATALOGS = YES;
				MTL_ENABLE_DEBUG_INFO = INCLUDE_SOURCE;
				MTL_FAST_MATH = YES;
				ONLY_ACTIVE_ARCH = YES;
				SDKROOT = iphoneos;
				SWIFT_ACTIVE_COMPILATION_CONDITIONS = "DEBUG $(inherited)";
				SWIFT_OPTIMIZATION_LEVEL = "-Onone";
			};
			name = Debug;
		};
		C9F9E6FF2CB0FD2100930A6E /* Release */ = {
			isa = XCBuildConfiguration;
			buildSettings = {
				ALWAYS_SEARCH_USER_PATHS = NO;
				ASSETCATALOG_COMPILER_GENERATE_SWIFT_ASSET_SYMBOL_EXTENSIONS = YES;
				CLANG_ANALYZER_NONNULL = YES;
				CLANG_ANALYZER_NUMBER_OBJECT_CONVERSION = YES_AGGRESSIVE;
				CLANG_CXX_LANGUAGE_STANDARD = "gnu++20";
				CLANG_ENABLE_MODULES = YES;
				CLANG_ENABLE_OBJC_ARC = YES;
				CLANG_ENABLE_OBJC_WEAK = YES;
				CLANG_WARN_BLOCK_CAPTURE_AUTORELEASING = YES;
				CLANG_WARN_BOOL_CONVERSION = YES;
				CLANG_WARN_COMMA = YES;
				CLANG_WARN_CONSTANT_CONVERSION = YES;
				CLANG_WARN_DEPRECATED_OBJC_IMPLEMENTATIONS = YES;
				CLANG_WARN_DIRECT_OBJC_ISA_USAGE = YES_ERROR;
				CLANG_WARN_DOCUMENTATION_COMMENTS = YES;
				CLANG_WARN_EMPTY_BODY = YES;
				CLANG_WARN_ENUM_CONVERSION = YES;
				CLANG_WARN_INFINITE_RECURSION = YES;
				CLANG_WARN_INT_CONVERSION = YES;
				CLANG_WARN_NON_LITERAL_NULL_CONVERSION = YES;
				CLANG_WARN_OBJC_IMPLICIT_RETAIN_SELF = YES;
				CLANG_WARN_OBJC_LITERAL_CONVERSION = YES;
				CLANG_WARN_OBJC_ROOT_CLASS = YES_ERROR;
				CLANG_WARN_QUOTED_INCLUDE_IN_FRAMEWORK_HEADER = YES;
				CLANG_WARN_RANGE_LOOP_ANALYSIS = YES;
				CLANG_WARN_STRICT_PROTOTYPES = YES;
				CLANG_WARN_SUSPICIOUS_MOVE = YES;
				CLANG_WARN_UNGUARDED_AVAILABILITY = YES_AGGRESSIVE;
				CLANG_WARN_UNREACHABLE_CODE = YES;
				CLANG_WARN__DUPLICATE_METHOD_MATCH = YES;
				COPY_PHASE_STRIP = NO;
				DEBUG_INFORMATION_FORMAT = "dwarf-with-dsym";
				ENABLE_NS_ASSERTIONS = NO;
				ENABLE_STRICT_OBJC_MSGSEND = YES;
				ENABLE_USER_SCRIPT_SANDBOXING = NO;
				GCC_C_LANGUAGE_STANDARD = gnu17;
				GCC_NO_COMMON_BLOCKS = YES;
				GCC_WARN_64_TO_32_BIT_CONVERSION = YES;
				GCC_WARN_ABOUT_RETURN_TYPE = YES_ERROR;
				GCC_WARN_UNDECLARED_SELECTOR = YES;
				GCC_WARN_UNINITIALIZED_AUTOS = YES_AGGRESSIVE;
				GCC_WARN_UNUSED_FUNCTION = YES;
				GCC_WARN_UNUSED_VARIABLE = YES;
				IPHONEOS_DEPLOYMENT_TARGET = 17.5;
				LOCALIZATION_PREFERS_STRING_CATALOGS = YES;
				MTL_ENABLE_DEBUG_INFO = NO;
				MTL_FAST_MATH = YES;
				SDKROOT = iphoneos;
				SWIFT_COMPILATION_MODE = wholemodule;
				VALIDATE_PRODUCT = YES;
			};
			name = Release;
		};
		C9F9E7012CB0FD2100930A6E /* Debug */ = {
			isa = XCBuildConfiguration;
			baseConfigurationReference = 47CA726FB6B4C78CD1806450 /* Pods-Concepts.debug.xcconfig */;
			buildSettings = {
				ASSETCATALOG_COMPILER_APPICON_NAME = AppIcon;
				ASSETCATALOG_COMPILER_GLOBAL_ACCENT_COLOR_NAME = AccentColor;
				CODE_SIGN_STYLE = Automatic;
				CURRENT_PROJECT_VERSION = 1;
				GENERATE_INFOPLIST_FILE = YES;
				INFOPLIST_FILE = Concepts/Info.plist;
				INFOPLIST_KEY_UIApplicationSupportsIndirectInputEvents = YES;
				INFOPLIST_KEY_UILaunchStoryboardName = LaunchScreen;
				INFOPLIST_KEY_UIMainStoryboardFile = Main;
				INFOPLIST_KEY_UISupportedInterfaceOrientations_iPad = "UIInterfaceOrientationPortrait UIInterfaceOrientationPortraitUpsideDown UIInterfaceOrientationLandscapeLeft UIInterfaceOrientationLandscapeRight";
				INFOPLIST_KEY_UISupportedInterfaceOrientations_iPhone = "UIInterfaceOrientationPortrait UIInterfaceOrientationLandscapeLeft UIInterfaceOrientationLandscapeRight";
				LD_RUNPATH_SEARCH_PATHS = (
					"$(inherited)",
					"@executable_path/Frameworks",
				);
				MARKETING_VERSION = 1.0;
				PRODUCT_BUNDLE_IDENTIFIER = com.test.Concepts;
				PRODUCT_NAME = "$(TARGET_NAME)";
				SWIFT_EMIT_LOC_STRINGS = YES;
				SWIFT_VERSION = 5.0;
				TARGETED_DEVICE_FAMILY = "1,2";
			};
			name = Debug;
		};
		C9F9E7022CB0FD2100930A6E /* Release */ = {
			isa = XCBuildConfiguration;
			baseConfigurationReference = 67936A4F2235A3BCD541803E /* Pods-Concepts.release.xcconfig */;
			buildSettings = {
				ASSETCATALOG_COMPILER_APPICON_NAME = AppIcon;
				ASSETCATALOG_COMPILER_GLOBAL_ACCENT_COLOR_NAME = AccentColor;
				CODE_SIGN_STYLE = Automatic;
				CURRENT_PROJECT_VERSION = 1;
				GENERATE_INFOPLIST_FILE = YES;
				INFOPLIST_FILE = Concepts/Info.plist;
				INFOPLIST_KEY_UIApplicationSupportsIndirectInputEvents = YES;
				INFOPLIST_KEY_UILaunchStoryboardName = LaunchScreen;
				INFOPLIST_KEY_UIMainStoryboardFile = Main;
				INFOPLIST_KEY_UISupportedInterfaceOrientations_iPad = "UIInterfaceOrientationPortrait UIInterfaceOrientationPortraitUpsideDown UIInterfaceOrientationLandscapeLeft UIInterfaceOrientationLandscapeRight";
				INFOPLIST_KEY_UISupportedInterfaceOrientations_iPhone = "UIInterfaceOrientationPortrait UIInterfaceOrientationLandscapeLeft UIInterfaceOrientationLandscapeRight";
				LD_RUNPATH_SEARCH_PATHS = (
					"$(inherited)",
					"@executable_path/Frameworks",
				);
				MARKETING_VERSION = 1.0;
				PRODUCT_BUNDLE_IDENTIFIER = com.test.Concepts;
				PRODUCT_NAME = "$(TARGET_NAME)";
				SWIFT_EMIT_LOC_STRINGS = YES;
				SWIFT_VERSION = 5.0;
				TARGETED_DEVICE_FAMILY = "1,2";
			};
			name = Release;
		};
		C9F9E7042CB0FD2100930A6E /* Debug */ = {
			isa = XCBuildConfiguration;
			baseConfigurationReference = DA190C4B6434C4F9BB77161A /* Pods-ConceptsTests.debug.xcconfig */;
			buildSettings = {
				ALWAYS_EMBED_SWIFT_STANDARD_LIBRARIES = YES;
				BUNDLE_LOADER = "$(TEST_HOST)";
				CODE_SIGN_STYLE = Automatic;
				CURRENT_PROJECT_VERSION = 1;
				GENERATE_INFOPLIST_FILE = YES;
				IPHONEOS_DEPLOYMENT_TARGET = 17.5;
				MARKETING_VERSION = 1.0;
				PRODUCT_BUNDLE_IDENTIFIER = com.test.ConceptsTests;
				PRODUCT_NAME = "$(TARGET_NAME)";
				SWIFT_EMIT_LOC_STRINGS = NO;
				SWIFT_VERSION = 5.0;
				TARGETED_DEVICE_FAMILY = "1,2";
				TEST_HOST = "$(BUILT_PRODUCTS_DIR)/Concepts.app/$(BUNDLE_EXECUTABLE_FOLDER_PATH)/Concepts";
			};
			name = Debug;
		};
		C9F9E7052CB0FD2100930A6E /* Release */ = {
			isa = XCBuildConfiguration;
			baseConfigurationReference = 4A9E82DEAAD13873F4767914 /* Pods-ConceptsTests.release.xcconfig */;
			buildSettings = {
				ALWAYS_EMBED_SWIFT_STANDARD_LIBRARIES = YES;
				BUNDLE_LOADER = "$(TEST_HOST)";
				CODE_SIGN_STYLE = Automatic;
				CURRENT_PROJECT_VERSION = 1;
				GENERATE_INFOPLIST_FILE = YES;
				IPHONEOS_DEPLOYMENT_TARGET = 17.5;
				MARKETING_VERSION = 1.0;
				PRODUCT_BUNDLE_IDENTIFIER = com.test.ConceptsTests;
				PRODUCT_NAME = "$(TARGET_NAME)";
				SWIFT_EMIT_LOC_STRINGS = NO;
				SWIFT_VERSION = 5.0;
				TARGETED_DEVICE_FAMILY = "1,2";
				TEST_HOST = "$(BUILT_PRODUCTS_DIR)/Concepts.app/$(BUNDLE_EXECUTABLE_FOLDER_PATH)/Concepts";
			};
			name = Release;
		};
		C9F9E7072CB0FD2100930A6E /* Debug */ = {
			isa = XCBuildConfiguration;
			baseConfigurationReference = CD23D7E3AD8F986B232DE0C9 /* Pods-Concepts-ConceptsUITests.debug.xcconfig */;
			buildSettings = {
				ALWAYS_EMBED_SWIFT_STANDARD_LIBRARIES = YES;
				CODE_SIGN_STYLE = Automatic;
				CURRENT_PROJECT_VERSION = 1;
				GENERATE_INFOPLIST_FILE = YES;
				MARKETING_VERSION = 1.0;
				PRODUCT_BUNDLE_IDENTIFIER = com.test.ConceptsUITests;
				PRODUCT_NAME = "$(TARGET_NAME)";
				SWIFT_EMIT_LOC_STRINGS = NO;
				SWIFT_VERSION = 5.0;
				TARGETED_DEVICE_FAMILY = "1,2";
				TEST_TARGET_NAME = Concepts;
			};
			name = Debug;
		};
		C9F9E7082CB0FD2100930A6E /* Release */ = {
			isa = XCBuildConfiguration;
			baseConfigurationReference = 0F1DD50DF6D1131C586CA544 /* Pods-Concepts-ConceptsUITests.release.xcconfig */;
			buildSettings = {
				ALWAYS_EMBED_SWIFT_STANDARD_LIBRARIES = YES;
				CODE_SIGN_STYLE = Automatic;
				CURRENT_PROJECT_VERSION = 1;
				GENERATE_INFOPLIST_FILE = YES;
				MARKETING_VERSION = 1.0;
				PRODUCT_BUNDLE_IDENTIFIER = com.test.ConceptsUITests;
				PRODUCT_NAME = "$(TARGET_NAME)";
				SWIFT_EMIT_LOC_STRINGS = NO;
				SWIFT_VERSION = 5.0;
				TARGETED_DEVICE_FAMILY = "1,2";
				TEST_TARGET_NAME = Concepts;
			};
			name = Release;
		};
/* End XCBuildConfiguration section */

/* Begin XCConfigurationList section */
		C9F9E6D12CB0FD1F00930A6E /* Build configuration list for PBXProject "Concepts" */ = {
			isa = XCConfigurationList;
			buildConfigurations = (
				C9F9E6FE2CB0FD2100930A6E /* Debug */,
				C9F9E6FF2CB0FD2100930A6E /* Release */,
			);
			defaultConfigurationIsVisible = 0;
			defaultConfigurationName = Release;
		};
		C9F9E7002CB0FD2100930A6E /* Build configuration list for PBXNativeTarget "Concepts" */ = {
			isa = XCConfigurationList;
			buildConfigurations = (
				C9F9E7012CB0FD2100930A6E /* Debug */,
				C9F9E7022CB0FD2100930A6E /* Release */,
			);
			defaultConfigurationIsVisible = 0;
			defaultConfigurationName = Release;
		};
		C9F9E7032CB0FD2100930A6E /* Build configuration list for PBXNativeTarget "ConceptsTests" */ = {
			isa = XCConfigurationList;
			buildConfigurations = (
				C9F9E7042CB0FD2100930A6E /* Debug */,
				C9F9E7052CB0FD2100930A6E /* Release */,
			);
			defaultConfigurationIsVisible = 0;
			defaultConfigurationName = Release;
		};
		C9F9E7062CB0FD2100930A6E /* Build configuration list for PBXNativeTarget "ConceptsUITests" */ = {
			isa = XCConfigurationList;
			buildConfigurations = (
				C9F9E7072CB0FD2100930A6E /* Debug */,
				C9F9E7082CB0FD2100930A6E /* Release */,
			);
			defaultConfigurationIsVisible = 0;
			defaultConfigurationName = Release;
		};
/* End XCConfigurationList section */
	};
	rootObject = C9F9E6CE2CB0FD1F00930A6E /* Project object */;
}
